
Microsoft Visual Studio Solution File, Format Version 12.00
# Visual Studio Version 16
VisualStudioVersion = 16.0.32228.343
MinimumVisualStudioVersion = 10.0.40219.1
Project("{D2ABAB84-BF74-430A-B69E-9DC6D40DDA17}") = "Mining_1", "Mining_1\Mining_1.dwproj", "{0308EEA8-85FE-4A90-8A4E-7B8F5579C105}"
EndProject
Global
	GlobalSection(SolutionConfigurationPlatforms) = preSolution
		Development|Default = Development|Default
	EndGlobalSection
	GlobalSection(ProjectConfigurationPlatforms) = postSolution
		{0308EEA8-85FE-4A90-8A4E-7B8F5579C105}.Development|Default.ActiveCfg = Development
		{0308EEA8-85FE-4A90-8A4E-7B8F5579C105}.Development|Default.Build.0 = Development
		{0308EEA8-85FE-4A90-8A4E-7B8F5579C105}.Development|Default.Deploy.0 = Development
	EndGlobalSection
	GlobalSection(SolutionProperties) = preSolution
		HideSolutionNode = FALSE
	EndGlobalSection
	GlobalSection(ExtensibilityGlobals) = postSolution
		SolutionGuid = {6E8F1A33-D3FC-42B7-B96C-A0AB6044425F}
	EndGlobalSection
EndGlobal
